
Microsoft Visual Studio Solution File, Format Version 12.00
# Visual Studio Version 16
VisualStudioVersion = 16.0.32602.291
MinimumVisualStudioVersion = 10.0.40219.1
Project("{FAE04EC0-301F-11D3-BF4B-00C04F79EFBC}") = "WebAppIdenTestEF", "WebAppIdenTestEF\WebAppIdenTestEF.csproj", "{807216F2-C41C-4542-88FD-3EE7677C29DA}"
EndProject
Global
	GlobalSection(SolutionConfigurationPlatforms) = preSolution
		Debug|Any CPU = Debug|Any CPU
		Release|Any CPU = Release|Any CPU
	EndGlobalSection
	GlobalSection(ProjectConfigurationPlatforms) = postSolution
		{807216F2-C41C-4542-88FD-3EE7677C29DA}.Debug|Any CPU.ActiveCfg = Debug|Any CPU
		{807216F2-C41C-4542-88FD-3EE7677C29DA}.Debug|Any CPU.Build.0 = Debug|Any CPU
		{807216F2-C41C-4542-88FD-3EE7677C29DA}.Release|Any CPU.ActiveCfg = Release|Any CPU
		{807216F2-C41C-4542-88FD-3EE7677C29DA}.Release|Any CPU.Build.0 = Release|Any CPU
	EndGlobalSection
	GlobalSection(SolutionProperties) = preSolution
		HideSolutionNode = FALSE
	EndGlobalSection
	GlobalSection(ExtensibilityGlobals) = postSolution
		SolutionGuid = {0C0254FC-C7D7-4DE1-AB30-A162433296C2}
	EndGlobalSection
EndGlobal
